
Microsoft Visual Studio Solution File, Format Version 12.00
# Visual Studio Version 16
VisualStudioVersion = 16.0.32510.428
MinimumVisualStudioVersion = 10.0.40219.1
Project("{9A19103F-16F7-4668-BE54-9A1E7A4F7556}") = "APIPeliculas", "APIPeliculas\APIPeliculas.csproj", "{59701583-9503-4840-9A89-408A90787BAC}"
EndProject
Project("{FAE04EC0-301F-11D3-BF4B-00C04F79EFBC}") = "WebPeliculas", "WebPeliculas\WebPeliculas.csproj", "{0406209D-A4FD-4F63-AA20-2B64EE9B800C}"
EndProject
Global
	GlobalSection(SolutionConfigurationPlatforms) = preSolution
		Debug|Any CPU = Debug|Any CPU
		Release|Any CPU = Release|Any CPU
	EndGlobalSection
	GlobalSection(ProjectConfigurationPlatforms) = postSolution
		{59701583-9503-4840-9A89-408A90787BAC}.Debug|Any CPU.ActiveCfg = Debug|Any CPU
		{59701583-9503-4840-9A89-408A90787BAC}.Debug|Any CPU.Build.0 = Debug|Any CPU
		{59701583-9503-4840-9A89-408A90787BAC}.Release|Any CPU.ActiveCfg = Release|Any CPU
		{59701583-9503-4840-9A89-408A90787BAC}.Release|Any CPU.Build.0 = Release|Any CPU
		{0406209D-A4FD-4F63-AA20-2B64EE9B800C}.Debug|Any CPU.ActiveCfg = Debug|Any CPU
		{0406209D-A4FD-4F63-AA20-2B64EE9B800C}.Debug|Any CPU.Build.0 = Debug|Any CPU
		{0406209D-A4FD-4F63-AA20-2B64EE9B800C}.Release|Any CPU.ActiveCfg = Release|Any CPU
		{0406209D-A4FD-4F63-AA20-2B64EE9B800C}.Release|Any CPU.Build.0 = Release|Any CPU
	EndGlobalSection
	GlobalSection(SolutionProperties) = preSolution
		HideSolutionNode = FALSE
	EndGlobalSection
	GlobalSection(ExtensibilityGlobals) = postSolution
		SolutionGuid = {4C367906-BFE4-49E1-8C67-1633410E7487}
	EndGlobalSection
EndGlobal
